
Microsoft Visual Studio Solution File, Format Version 12.00
# Visual Studio 15
VisualStudioVersion = 15.0.26430.14
MinimumVisualStudioVersion = 10.0.40219.1
Project("{FAE04EC0-301F-11D3-BF4B-00C04F79EFBC}") = "BigNumber", "BigNumber.csproj", "{5671A0C0-BEAD-4BE3-9FA9-29438A781EA5}"
EndProject
Global
	GlobalSection(SolutionConfigurationPlatforms) = preSolution
		Debug|Any CPU = Debug|Any CPU
		Release|Any CPU = Release|Any CPU
	EndGlobalSection
	GlobalSection(ProjectConfigurationPlatforms) = postSolution
		{5671A0C0-BEAD-4BE3-9FA9-29438A781EA5}.Debug|Any CPU.ActiveCfg = Debug|Any CPU
		{5671A0C0-BEAD-4BE3-9FA9-29438A781EA5}.Debug|Any CPU.Build.0 = Debug|Any CPU
		{5671A0C0-BEAD-4BE3-9FA9-29438A781EA5}.Release|Any CPU.ActiveCfg = Release|Any CPU
		{5671A0C0-BEAD-4BE3-9FA9-29438A781EA5}.Release|Any CPU.Build.0 = Release|Any CPU
	EndGlobalSection
	GlobalSection(SolutionProperties) = preSolution
		HideSolutionNode = FALSE
	EndGlobalSection
	GlobalSection(ExtensibilityGlobals) = postSolution
		SolutionGuid = {15E21C2E-F287-4743-A51D-97CDD4A3E17B}
	EndGlobalSection
EndGlobal
